
Microsoft Visual Studio Solution File, Format Version 12.00
# Visual Studio Version 17
VisualStudioVersion = 17.13.35825.156 d17.13
MinimumVisualStudioVersion = 10.0.40219.1
Project("{FAE04EC0-301F-11D3-BF4B-00C04F79EFBC}") = "HotelListing", "HotelListing\HotelListing.csproj", "{181209CD-90D3-4CD8-A3F1-5AFE3DB5FFEC}"
EndProject
Global
	GlobalSection(SolutionConfigurationPlatforms) = preSolution
		Debug|Any CPU = Debug|Any CPU
		Release|Any CPU = Release|Any CPU
	EndGlobalSection
	GlobalSection(ProjectConfigurationPlatforms) = postSolution
		{181209CD-90D3-4CD8-A3F1-5AFE3DB5FFEC}.Debug|Any CPU.ActiveCfg = Debug|Any CPU
		{181209CD-90D3-4CD8-A3F1-5AFE3DB5FFEC}.Debug|Any CPU.Build.0 = Debug|Any CPU
		{181209CD-90D3-4CD8-A3F1-5AFE3DB5FFEC}.Release|Any CPU.ActiveCfg = Release|Any CPU
		{181209CD-90D3-4CD8-A3F1-5AFE3DB5FFEC}.Release|Any CPU.Build.0 = Release|Any CPU
	EndGlobalSection
	GlobalSection(SolutionProperties) = preSolution
		HideSolutionNode = FALSE
	EndGlobalSection
	GlobalSection(ExtensibilityGlobals) = postSolution
		SolutionGuid = {7C0BCCBB-9020-44A8-B838-1CA7A5A85969}
	EndGlobalSection
EndGlobal
